{
  "name": "openscholar",
  "version": "1.0.0",
  "lockfileVersion": 1,
  "dependencies": {
    "angular": {
      "version": "1.7.6",
      "resolved": "https://registry.npmjs.org/angular/-/angular-1.7.6.tgz",
      "integrity": "sha512-QELpvuMIe1FTGniAkRz93O6A+di0yu88niDwcdzrSqtUHNtZMgtgFS4f7W/6Gugbuwej8Kyswlmymwdp8iPCWg=="
    },
    "angular-modal-service": {
      "version": "0.15.1",
      "resolved": "https://registry.npmjs.org/angular-modal-service/-/angular-modal-service-0.15.1.tgz",
      "integrity": "sha512-d3ANricbWln5th4IalbtP0SKTnGFvbIM0NhrDXW1FHdmYYwQwrWPtbXJfAsMMxalp9y/u0XmgC4b+l5mYQ3Miw=="
    },
    "angular-slideables": {
      "version": "1.0.0",
      "resolved": "https://registry.npmjs.org/angular-slideables/-/angular-slideables-1.0.0.tgz",
      "integrity": "sha1-R/KBeM91nqqDNftRstlUiYQ3AMY="
    },
    "angular-ui-sortable": {
      "version": "0.19.0",
      "resolved": "https://registry.npmjs.org/angular-ui-sortable/-/angular-ui-sortable-0.19.0.tgz",
      "integrity": "sha512-u/uc981Nzg4XN1bMU9qKleMTSt7F1XjMWnyGw6gxPLIeQeLZm8jWNy7tj8y2r2HmvzXFbQVq2z6rObznFKAekQ=="
    },
    "angularindexeddb": {
      "version": "1.1.4",
      "resolved": "https://registry.npmjs.org/angularindexeddb/-/angularindexeddb-1.1.4.tgz",
      "integrity": "sha512-HWdKePDfo6JpLRI4SDeKCTMcv8VoGK+ZO+RRswbSzaO6bbXcldjKU7S3ZiqHto4EAvwG1t54NSBjidHYgQIDhA=="
    },
    "jquery": {
      "version": "3.3.1",
      "resolved": "https://registry.npmjs.org/jquery/-/jquery-3.3.1.tgz",
      "integrity": "sha512-Ubldcmxp5np52/ENotGxlLe6aGMvmF4R8S6tZjsP6Knsaxd/xp3Zrh50cG93lR6nPXyUFwzN3ZSOQI0wRJNdGg=="
    },
    "jquery-ui-dist": {
      "version": "1.12.1",
      "resolved": "https://registry.npmjs.org/jquery-ui-dist/-/jquery-ui-dist-1.12.1.tgz",
      "integrity": "sha1-XAgV08xvkP9fqvWyaKbiO0ypBPo="
    },
    "ng-file-upload": {
      "version": "12.2.13",
      "resolved": "https://registry.npmjs.org/ng-file-upload/-/ng-file-upload-12.2.13.tgz",
      "integrity": "sha1-AYAPOHLlJvlTEPhHfpnk8S0NjRQ="
    },
    "ui-select": {
      "version": "0.19.8",
      "resolved": "https://registry.npmjs.org/ui-select/-/ui-select-0.19.8.tgz",
      "integrity": "sha1-dIYISKf9i8SU2YVtL2J3bqmGN8E="
    }
  }
}
