uuid: 2c22a762-7794-4f00-bb96-c7440130fa05
langcode: en
status: true
dependencies:
  config:
    - views.view.os_software_releases
  module:
    - block_visibility_groups
    - node
    - views
  theme:
    - os_base
id: os_base_views_block__os_software_releases_recent_block
theme: os_base
region: content
weight: -2
provider: null
plugin: 'views_block:os_software_releases-recent_block'
settings:
  id: 'views_block:os_software_releases-recent_block'
  label: ''
  provider: views
  label_display: visible
  views_label: ''
  items_per_page: none
  context_mapping:
    nid: '@node.node_route_context:node'
visibility:
  condition_group:
    id: condition_group
    negate: false
    block_visibility_group: ''
    context_mapping: {  }
  node_type:
    id: node_type
    bundles:
      software_project: software_project
    negate: false
    context_mapping:
      node: '@node.node_route_context:node'
