uuid: ba29a25b-61b7-4206-bcd6-f661c689a543
langcode: en
status: true
dependencies:
  config:
    - views.view.os_software_releases
  module:
    - block_visibility_groups
    - node
    - views
  theme:
    - hwpi_sterling
_core:
  default_config_hash: KfxUZd7-_iXA76jdpV2XvrdZ9peumAABh3qJC7jmpiI
id: hwpi_sterling_views_block__os_software_releases_recent_block
theme: hwpi_sterling
region: content
weight: -2
provider: null
plugin: 'views_block:os_software_releases-recent_block'
settings:
  id: 'views_block:os_software_releases-recent_block'
  label: ''
  provider: views
  label_display: visible
  views_label: ''
  items_per_page: none
  context_mapping:
    nid: '@node.node_route_context:node'
visibility:
  condition_group:
    id: condition_group
    negate: false
    block_visibility_group: ''
    context_mapping: {  }
  node_type:
    id: node_type
    bundles:
      software_project: software_project
    negate: false
    context_mapping:
      node: '@node.node_route_context:node'
