uuid: 591dc625-9732-41bc-a8aa-b10be8126a10
langcode: en
status: true
dependencies:
  config:
    - views.view.os_software_releases
  module:
    - block_visibility_groups
    - node
    - views
  theme:
    - adams
id: adams_views_block__os_software_releases_recent_block
theme: adams
region: content
weight: -2
provider: null
plugin: 'views_block:os_software_releases-recent_block'
settings:
  id: 'views_block:os_software_releases-recent_block'
  label: ''
  provider: views
  label_display: visible
  views_label: ''
  items_per_page: none
  context_mapping:
    nid: '@node.node_route_context:node'
visibility:
  condition_group:
    id: condition_group
    negate: false
    block_visibility_group: ''
    context_mapping: {  }
  node_type:
    id: node_type
    bundles:
      software_project: software_project
    negate: false
    context_mapping:
      node: '@node.node_route_context:node'
