uuid: 06416c44-3104-4691-acb3-cb7e32b18b09
langcode: en
status: true
dependencies:
  config:
    - core.entity_view_mode.node.block
    - field.field.node.page.body
    - field.field.node.page.field_media
    - field.field.node.page.field_taxonomy_terms
    - node.type.page
  module:
    - layout_builder
    - text
    - user
third_party_settings:
  layout_builder:
    sections: {  }
    allow_custom: false
    enabled: false
id: node.page.block
targetEntityType: node
bundle: page
mode: block
content:
  body:
    label: hidden
    type: text_default
    weight: 0
    settings: {  }
    third_party_settings: {  }
    region: content
  links:
    weight: 1
    region: content
    settings: {  }
    third_party_settings: {  }
hidden:
  field_media: true
  field_taxonomy_terms: true
  langcode: true
